
Microsoft Visual Studio Solution File, Format Version 12.00
# Visual Studio 15
VisualStudioVersion = 15.0.27004.2002
MinimumVisualStudioVersion = 10.0.40219.1
Project("{2150E333-8FDC-42A3-9474-1A3956D46DE8}") = "src", "src", "{1008A899-1705-43A8-AD72-52F4AE21E66F}"
EndProject
Project("{9A19103F-16F7-4668-BE54-9A1E7A4F7556}") = "EAP", "EAP\EAP\EAP.csproj", "{3BF40DED-125A-4ECA-B5C3-784D3434E733}"
EndProject
Project("{9A19103F-16F7-4668-BE54-9A1E7A4F7556}") = "EAP.Model", "EAP.Model\EAP.Model.csproj", "{10794D10-93DD-45ED-839B-840904BBC3A3}"
EndProject
Project("{FAE04EC0-301F-11D3-BF4B-00C04F79EFBC}") = "EAP.Service", "EAP.Service\EAP.Service.csproj", "{4D9C9842-019C-4F91-8A1E-140DE7332602}"
EndProject
Project("{FAE04EC0-301F-11D3-BF4B-00C04F79EFBC}") = "EAP.Core", "EAP.Core\EAP.Core.csproj", "{945E8AB8-E7C9-468C-A74C-542DE34C15CB}"
EndProject
Global
	GlobalSection(SolutionConfigurationPlatforms) = preSolution
		Debug|Any CPU = Debug|Any CPU
		Release|Any CPU = Release|Any CPU
	EndGlobalSection
	GlobalSection(ProjectConfigurationPlatforms) = postSolution
		{3BF40DED-125A-4ECA-B5C3-784D3434E733}.Debug|Any CPU.ActiveCfg = Debug|Any CPU
		{3BF40DED-125A-4ECA-B5C3-784D3434E733}.Debug|Any CPU.Build.0 = Debug|Any CPU
		{3BF40DED-125A-4ECA-B5C3-784D3434E733}.Release|Any CPU.ActiveCfg = Release|Any CPU
		{3BF40DED-125A-4ECA-B5C3-784D3434E733}.Release|Any CPU.Build.0 = Release|Any CPU
		{10794D10-93DD-45ED-839B-840904BBC3A3}.Debug|Any CPU.ActiveCfg = Debug|Any CPU
		{10794D10-93DD-45ED-839B-840904BBC3A3}.Debug|Any CPU.Build.0 = Debug|Any CPU
		{10794D10-93DD-45ED-839B-840904BBC3A3}.Release|Any CPU.ActiveCfg = Release|Any CPU
		{10794D10-93DD-45ED-839B-840904BBC3A3}.Release|Any CPU.Build.0 = Release|Any CPU
		{4D9C9842-019C-4F91-8A1E-140DE7332602}.Debug|Any CPU.ActiveCfg = Debug|Any CPU
		{4D9C9842-019C-4F91-8A1E-140DE7332602}.Debug|Any CPU.Build.0 = Debug|Any CPU
		{4D9C9842-019C-4F91-8A1E-140DE7332602}.Release|Any CPU.ActiveCfg = Release|Any CPU
		{4D9C9842-019C-4F91-8A1E-140DE7332602}.Release|Any CPU.Build.0 = Release|Any CPU
		{945E8AB8-E7C9-468C-A74C-542DE34C15CB}.Debug|Any CPU.ActiveCfg = Debug|Any CPU
		{945E8AB8-E7C9-468C-A74C-542DE34C15CB}.Debug|Any CPU.Build.0 = Debug|Any CPU
		{945E8AB8-E7C9-468C-A74C-542DE34C15CB}.Release|Any CPU.ActiveCfg = Release|Any CPU
		{945E8AB8-E7C9-468C-A74C-542DE34C15CB}.Release|Any CPU.Build.0 = Release|Any CPU
	EndGlobalSection
	GlobalSection(SolutionProperties) = preSolution
		HideSolutionNode = FALSE
	EndGlobalSection
	GlobalSection(NestedProjects) = preSolution
		{3BF40DED-125A-4ECA-B5C3-784D3434E733} = {1008A899-1705-43A8-AD72-52F4AE21E66F}
		{10794D10-93DD-45ED-839B-840904BBC3A3} = {1008A899-1705-43A8-AD72-52F4AE21E66F}
		{4D9C9842-019C-4F91-8A1E-140DE7332602} = {1008A899-1705-43A8-AD72-52F4AE21E66F}
		{945E8AB8-E7C9-468C-A74C-542DE34C15CB} = {1008A899-1705-43A8-AD72-52F4AE21E66F}
	EndGlobalSection
	GlobalSection(ExtensibilityGlobals) = postSolution
		SolutionGuid = {F6718693-663F-4100-9C4F-D3CFD19BE6D6}
	EndGlobalSection
EndGlobal
